name: Auto-unblock tasks

on:
  schedule:
    - cron: "*/15 * * * *"
  workflow_dispatch:

permissions:
  contents: read

jobs:
  unblock:
    name: Check blocked tasks
    runs-on: ubuntu-latest
    env:
      GH_TOKEN: ${{ secrets.PROJECT_TOKEN }}
    steps:
      - uses: actions/checkout@v4

      - name: Check and unblock tasks
        run: |
          set -euo pipefail

          ORG="Hexadian-Corporation"
          PROJECT_ID="PVT_kwDOD_yaZ84BRv-S"
          STATUS_FIELD_ID="PVTSSF_lADOD_yaZ84BRv-Szg_fF9E"
          BLOCKED_ID="fbfa34a2"
          READY_ID="3a8dc8b6"

          # Fetch all project items with status, issue body, repo, and number
          items_json=$(gh api graphql -f query='
            query {
              node(id: "'"$PROJECT_ID"'") {
                ... on ProjectV2 {
                  items(first: 100) {
                    nodes {
                      id
                      fieldValueByName(name: "Status") {
                        ... on ProjectV2ItemFieldSingleSelectValue {
                          optionId
                        }
                      }
                      content {
                        ... on Issue {
                          number
                          body
                          state
                          repository { name }
                        }
                      }
                    }
                  }
                }
              }
            }
          ')

          # Extract blocked items
          blocked_items=$(echo "$items_json" | jq -c '
            [.data.node.items.nodes[] |
             select(.fieldValueByName.optionId == "'"$BLOCKED_ID"'") |
             select(.content.number != null)]
          ')

          count=$(echo "$blocked_items" | jq 'length')
          echo "Found $count blocked items"

          if [ "$count" -eq 0 ]; then
            echo "No blocked items to check."
            exit 0
          fi

          # Build a lookup of all project issues: "PREFIX-NUMBER" -> state
          # We need to map repo names to prefixes
          all_items=$(echo "$items_json" | jq -c '
            [.data.node.items.nodes[] | select(.content.number != null)]
          ')

          # Function to resolve prefix from repo name
          resolve_prefix() {
            case "$1" in
              hhh-contracts-service)  echo "CS" ;;
              hhh-ships-service)      echo "SHIPS" ;;
              hhh-maps-service)       echo "MAPS" ;;
              hhh-graphs-service)     echo "GRAPHS" ;;
              hhh-routes-service)     echo "ROUTES" ;;
              hhh-auth-service)       echo "AUTH" ;;
              hhh-frontend)           echo "FE" ;;
              hhh-backoffice-frontend) echo "BO" ;;
              hhh-main)              echo "MAIN" ;;
              *)                     echo "" ;;
            esac
          }

          # Function to resolve repo from prefix
          resolve_repo() {
            case "$1" in
              CS)     echo "hhh-contracts-service" ;;
              SHIPS)  echo "hhh-ships-service" ;;
              MAPS|SETUP) echo "hhh-maps-service" ;;
              GRAPHS) echo "hhh-graphs-service" ;;
              ROUTES) echo "hhh-routes-service" ;;
              AUTH)   echo "hhh-auth-service" ;;
              FE)     echo "hhh-frontend" ;;
              BO)     echo "hhh-backoffice-frontend" ;;
              MAIN)   echo "hhh-main" ;;
              *)      echo "" ;;
            esac
          }

          # Process each blocked item
          echo "$blocked_items" | jq -c '.[]' | while IFS= read -r item; do
            item_id=$(echo "$item" | jq -r '.id')
            repo_name=$(echo "$item" | jq -r '.content.repository.name')
            issue_number=$(echo "$item" | jq -r '.content.number')
            body=$(echo "$item" | jq -r '.content.body // ""')

            prefix=$(resolve_prefix "$repo_name")
            echo ""
            echo "=== Checking ${prefix}-${issue_number} ($repo_name#$issue_number) ==="

            # Extract dependencies from "**Depends on:**" line
            deps_line=$(echo "$body" | grep -oP '\*\*Depends on:\*\*\s*(.+)' | head -1 | sed 's/\*\*Depends on:\*\*\s*//')

            if [ -z "$deps_line" ]; then
              echo "  No 'Depends on:' found in issue body, skipping."
              continue
            fi

            echo "  Dependencies: $deps_line"

            all_resolved=true
            # Split by comma and process each dependency
            IFS=',' read -ra dep_array <<< "$deps_line"
            for dep in "${dep_array[@]}"; do
              dep=$(echo "$dep" | xargs)  # trim whitespace
              dep_prefix=$(echo "$dep" | grep -oP '^[A-Z]+')
              dep_number=$(echo "$dep" | grep -oP '[0-9]+$')
              dep_repo=$(resolve_repo "$dep_prefix")

              if [ -z "$dep_repo" ] || [ -z "$dep_number" ]; then
                echo "  Could not resolve dependency: $dep"
                all_resolved=false
                continue
              fi

              # Check issue state via API
              state=$(gh issue view "$dep_number" --repo "$ORG/$dep_repo" --json state -q '.state' 2>/dev/null || echo "UNKNOWN")
              echo "  $dep ($dep_repo#$dep_number) -> $state"

              if [ "$state" != "CLOSED" ]; then
                all_resolved=false
              fi
            done

            if [ "$all_resolved" = true ]; then
              echo "  ✅ All dependencies resolved! Moving to Ready."
              gh api graphql -f query='
                mutation {
                  updateProjectV2ItemFieldValue(input: {
                    projectId: "'"$PROJECT_ID"'"
                    itemId: "'"$item_id"'"
                    fieldId: "'"$STATUS_FIELD_ID"'"
                    value: { singleSelectOptionId: "'"$READY_ID"'" }
                  }) { projectV2Item { id } }
                }
              '
            else
              echo "  ⏳ Still blocked."
            fi
          done

          echo ""
          echo "Done."
